// !$*UTF8*$!
{
	archiveVersion = 1;
	classes = {
	};
	objectVersion = 50;
	objects = {

/* Begin PBXBuildFile section */
		E41ABECB24194E74001B79D7 /* AppDelegate.swift in Sources */ = {isa = PBXBuildFile; fileRef = E41ABECA24194E74001B79D7 /* AppDelegate.swift */; };
		E41ABECF24194E74001B79D7 /* ViewController.swift in Sources */ = {isa = PBXBuildFile; fileRef = E41ABECE24194E74001B79D7 /* ViewController.swift */; };
		E41ABED224194E74001B79D7 /* Main.storyboard in Resources */ = {isa = PBXBuildFile; fileRef = E41ABED024194E74001B79D7 /* Main.storyboard */; };
		E41ABED424194E76001B79D7 /* Assets.xcassets in Resources */ = {isa = PBXBuildFile; fileRef = E41ABED324194E76001B79D7 /* Assets.xcassets */; };
		E41ABED724194E76001B79D7 /* LaunchScreen.storyboard in Resources */ = {isa = PBXBuildFile; fileRef = E41ABED524194E76001B79D7 /* LaunchScreen.storyboard */; };
		E41ABEDF24194EA4001B79D7 /* TouchMetalView.swift in Sources */ = {isa = PBXBuildFile; fileRef = E41ABEDE24194EA4001B79D7 /* TouchMetalView.swift */; };
		E41ABEE224194F67001B79D7 /* Renderer.swift in Sources */ = {isa = PBXBuildFile; fileRef = E41ABEE124194F67001B79D7 /* Renderer.swift */; };
		E41ABEE424194FC1001B79D7 /* MathLibrary.swift in Sources */ = {isa = PBXBuildFile; fileRef = E41ABEE324194FC1001B79D7 /* MathLibrary.swift */; };
		E41ABEE72419507F001B79D7 /* Shaders.metal in Sources */ = {isa = PBXBuildFile; fileRef = E41ABEE62419507F001B79D7 /* Shaders.metal */; };
		E41ABEE924195158001B79D7 /* Scene.swift in Sources */ = {isa = PBXBuildFile; fileRef = E41ABEE824195158001B79D7 /* Scene.swift */; };
		E41ABEEB241953F0001B79D7 /* Plane.swift in Sources */ = {isa = PBXBuildFile; fileRef = E41ABEEA241953F0001B79D7 /* Plane.swift */; };
		E41ABEED2419541C001B79D7 /* Renderable.swift in Sources */ = {isa = PBXBuildFile; fileRef = E41ABEEC2419541C001B79D7 /* Renderable.swift */; };
		E41ABEF1241963EC001B79D7 /* fruit.jpg in Resources */ = {isa = PBXBuildFile; fileRef = E41ABEF0241963EC001B79D7 /* fruit.jpg */; };
/* End PBXBuildFile section */

/* Begin PBXFileReference section */
		E41ABEC724194E74001B79D7 /* MetalPinch.app */ = {isa = PBXFileReference; explicitFileType = wrapper.application; includeInIndex = 0; path = MetalPinch.app; sourceTree = BUILT_PRODUCTS_DIR; };
		E41ABECA24194E74001B79D7 /* AppDelegate.swift */ = {isa = PBXFileReference; lastKnownFileType = sourcecode.swift; path = AppDelegate.swift; sourceTree = "<group>"; };
		E41ABECE24194E74001B79D7 /* ViewController.swift */ = {isa = PBXFileReference; lastKnownFileType = sourcecode.swift; path = ViewController.swift; sourceTree = "<group>"; };
		E41ABED124194E74001B79D7 /* Base */ = {isa = PBXFileReference; lastKnownFileType = file.storyboard; name = Base; path = Base.lproj/Main.storyboard; sourceTree = "<group>"; };
		E41ABED324194E76001B79D7 /* Assets.xcassets */ = {isa = PBXFileReference; lastKnownFileType = folder.assetcatalog; path = Assets.xcassets; sourceTree = "<group>"; };
		E41ABED624194E76001B79D7 /* Base */ = {isa = PBXFileReference; lastKnownFileType = file.storyboard; name = Base; path = Base.lproj/LaunchScreen.storyboard; sourceTree = "<group>"; };
		E41ABED824194E76001B79D7 /* Info.plist */ = {isa = PBXFileReference; lastKnownFileType = text.plist.xml; path = Info.plist; sourceTree = "<group>"; };
		E41ABEDE24194EA4001B79D7 /* TouchMetalView.swift */ = {isa = PBXFileReference; fileEncoding = 4; lastKnownFileType = sourcecode.swift; path = TouchMetalView.swift; sourceTree = "<group>"; };
		E41ABEE024194F67001B79D7 /* Common.h */ = {isa = PBXFileReference; fileEncoding = 4; lastKnownFileType = sourcecode.c.h; path = Common.h; sourceTree = "<group>"; };
		E41ABEE124194F67001B79D7 /* Renderer.swift */ = {isa = PBXFileReference; fileEncoding = 4; lastKnownFileType = sourcecode.swift; path = Renderer.swift; sourceTree = "<group>"; };
		E41ABEE324194FC1001B79D7 /* MathLibrary.swift */ = {isa = PBXFileReference; fileEncoding = 4; lastKnownFileType = sourcecode.swift; path = MathLibrary.swift; sourceTree = "<group>"; };
		E41ABEE524194FF1001B79D7 /* Bridging-Header.h */ = {isa = PBXFileReference; fileEncoding = 4; lastKnownFileType = sourcecode.c.h; path = "Bridging-Header.h"; sourceTree = "<group>"; };
		E41ABEE62419507F001B79D7 /* Shaders.metal */ = {isa = PBXFileReference; fileEncoding = 4; lastKnownFileType = sourcecode.metal; path = Shaders.metal; sourceTree = "<group>"; };
		E41ABEE824195158001B79D7 /* Scene.swift */ = {isa = PBXFileReference; fileEncoding = 4; lastKnownFileType = sourcecode.swift; path = Scene.swift; sourceTree = "<group>"; };
		E41ABEEA241953F0001B79D7 /* Plane.swift */ = {isa = PBXFileReference; fileEncoding = 4; lastKnownFileType = sourcecode.swift; path = Plane.swift; sourceTree = "<group>"; };
		E41ABEEC2419541C001B79D7 /* Renderable.swift */ = {isa = PBXFileReference; fileEncoding = 4; lastKnownFileType = sourcecode.swift; path = Renderable.swift; sourceTree = "<group>"; };
		E41ABEF0241963EC001B79D7 /* fruit.jpg */ = {isa = PBXFileReference; lastKnownFileType = image.jpeg; path = fruit.jpg; sourceTree = "<group>"; };
/* End PBXFileReference section */

/* Begin PBXFrameworksBuildPhase section */
		E41ABEC424194E74001B79D7 /* Frameworks */ = {
			isa = PBXFrameworksBuildPhase;
			buildActionMask = 2147483647;
			files = (
			);
			runOnlyForDeploymentPostprocessing = 0;
		};
/* End PBXFrameworksBuildPhase section */

/* Begin PBXGroup section */
		E41ABEBE24194E73001B79D7 = {
			isa = PBXGroup;
			children = (
				E41ABEC924194E74001B79D7 /* MetalPinch */,
				E41ABEC824194E74001B79D7 /* Products */,
			);
			sourceTree = "<group>";
		};
		E41ABEC824194E74001B79D7 /* Products */ = {
			isa = PBXGroup;
			children = (
				E41ABEC724194E74001B79D7 /* MetalPinch.app */,
			);
			name = Products;
			sourceTree = "<group>";
		};
		E41ABEC924194E74001B79D7 /* MetalPinch */ = {
			isa = PBXGroup;
			children = (
				E41ABECA24194E74001B79D7 /* AppDelegate.swift */,
				E41ABECE24194E74001B79D7 /* ViewController.swift */,
				E41ABEDE24194EA4001B79D7 /* TouchMetalView.swift */,
				E41ABEE124194F67001B79D7 /* Renderer.swift */,
				E41ABEE824195158001B79D7 /* Scene.swift */,
				E41ABEEC2419541C001B79D7 /* Renderable.swift */,
				E41ABEEA241953F0001B79D7 /* Plane.swift */,
				E41ABEE324194FC1001B79D7 /* MathLibrary.swift */,
				E41ABEE62419507F001B79D7 /* Shaders.metal */,
				E41ABEE524194FF1001B79D7 /* Bridging-Header.h */,
				E41ABEE024194F67001B79D7 /* Common.h */,
				E41ABED024194E74001B79D7 /* Main.storyboard */,
				E41ABEF0241963EC001B79D7 /* fruit.jpg */,
				E41ABED324194E76001B79D7 /* Assets.xcassets */,
				E41ABED524194E76001B79D7 /* LaunchScreen.storyboard */,
				E41ABED824194E76001B79D7 /* Info.plist */,
			);
			path = MetalPinch;
			sourceTree = "<group>";
		};
/* End PBXGroup section */

/* Begin PBXNativeTarget section */
		E41ABEC624194E74001B79D7 /* MetalPinch */ = {
			isa = PBXNativeTarget;
			buildConfigurationList = E41ABEDB24194E76001B79D7 /* Build configuration list for PBXNativeTarget "MetalPinch" */;
			buildPhases = (
				E41ABEC324194E74001B79D7 /* Sources */,
				E41ABEC424194E74001B79D7 /* Frameworks */,
				E41ABEC524194E74001B79D7 /* Resources */,
			);
			buildRules = (
			);
			dependencies = (
			);
			name = MetalPinch;
			productName = MetalPinch;
			productReference = E41ABEC724194E74001B79D7 /* MetalPinch.app */;
			productType = "com.apple.product-type.application";
		};
/* End PBXNativeTarget section */

/* Begin PBXProject section */
		E41ABEBF24194E73001B79D7 /* Project object */ = {
			isa = PBXProject;
			attributes = {
				LastSwiftUpdateCheck = 1130;
				LastUpgradeCheck = 1130;
				ORGANIZATIONNAME = TylerWhiteDesign;
				TargetAttributes = {
					E41ABEC624194E74001B79D7 = {
						CreatedOnToolsVersion = 11.3.1;
					};
				};
			};
			buildConfigurationList = E41ABEC224194E73001B79D7 /* Build configuration list for PBXProject "MetalPinch" */;
			compatibilityVersion = "Xcode 9.3";
			developmentRegion = en;
			hasScannedForEncodings = 0;
			knownRegions = (
				en,
				Base,
			);
			mainGroup = E41ABEBE24194E73001B79D7;
			productRefGroup = E41ABEC824194E74001B79D7 /* Products */;
			projectDirPath = "";
			projectRoot = "";
			targets = (
				E41ABEC624194E74001B79D7 /* MetalPinch */,
			);
		};
/* End PBXProject section */

/* Begin PBXResourcesBuildPhase section */
		E41ABEC524194E74001B79D7 /* Resources */ = {
			isa = PBXResourcesBuildPhase;
			buildActionMask = 2147483647;
			files = (
				E41ABED724194E76001B79D7 /* LaunchScreen.storyboard in Resources */,
				E41ABED424194E76001B79D7 /* Assets.xcassets in Resources */,
				E41ABEF1241963EC001B79D7 /* fruit.jpg in Resources */,
				E41ABED224194E74001B79D7 /* Main.storyboard in Resources */,
			);
			runOnlyForDeploymentPostprocessing = 0;
		};
/* End PBXResourcesBuildPhase section */

/* Begin PBXSourcesBuildPhase section */
		E41ABEC324194E74001B79D7 /* Sources */ = {
			isa = PBXSourcesBuildPhase;
			buildActionMask = 2147483647;
			files = (
				E41ABEE224194F67001B79D7 /* Renderer.swift in Sources */,
				E41ABEDF24194EA4001B79D7 /* TouchMetalView.swift in Sources */,
				E41ABECF24194E74001B79D7 /* ViewController.swift in Sources */,
				E41ABEED2419541C001B79D7 /* Renderable.swift in Sources */,
				E41ABEE72419507F001B79D7 /* Shaders.metal in Sources */,
				E41ABEE924195158001B79D7 /* Scene.swift in Sources */,
				E41ABECB24194E74001B79D7 /* AppDelegate.swift in Sources */,
				E41ABEEB241953F0001B79D7 /* Plane.swift in Sources */,
				E41ABEE424194FC1001B79D7 /* MathLibrary.swift in Sources */,
			);
			runOnlyForDeploymentPostprocessing = 0;
		};
/* End PBXSourcesBuildPhase section */

/* Begin PBXVariantGroup section */
		E41ABED024194E74001B79D7 /* Main.storyboard */ = {
			isa = PBXVariantGroup;
			children = (
				E41ABED124194E74001B79D7 /* Base */,
			);
			name = Main.storyboard;
			sourceTree = "<group>";
		};
		E41ABED524194E76001B79D7 /* LaunchScreen.storyboard */ = {
			isa = PBXVariantGroup;
			children = (
				E41ABED624194E76001B79D7 /* Base */,
			);
			name = LaunchScreen.storyboard;
			sourceTree = "<group>";
		};
/* End PBXVariantGroup section */

/* Begin XCBuildConfiguration section */
		E41ABED924194E76001B79D7 /* Debug */ = {
			isa = XCBuildConfiguration;
			buildSettings = {
				ALWAYS_SEARCH_USER_PATHS = NO;
				CLANG_ANALYZER_NONNULL = YES;
				CLANG_ANALYZER_NUMBER_OBJECT_CONVERSION = YES_AGGRESSIVE;
				CLANG_CXX_LANGUAGE_STANDARD = "gnu++14";
				CLANG_CXX_LIBRARY = "libc++";
				CLANG_ENABLE_MODULES = YES;
				CLANG_ENABLE_OBJC_ARC = YES;
				CLANG_ENABLE_OBJC_WEAK = YES;
				CLANG_WARN_BLOCK_CAPTURE_AUTORELEASING = YES;
				CLANG_WARN_BOOL_CONVERSION = YES;
				CLANG_WARN_COMMA = YES;
				CLANG_WARN_CONSTANT_CONVERSION = YES;
				CLANG_WARN_DEPRECATED_OBJC_IMPLEMENTATIONS = YES;
				CLANG_WARN_DIRECT_OBJC_ISA_USAGE = YES_ERROR;
				CLANG_WARN_DOCUMENTATION_COMMENTS = YES;
				CLANG_WARN_EMPTY_BODY = YES;
				CLANG_WARN_ENUM_CONVERSION = YES;
				CLANG_WARN_INFINITE_RECURSION = YES;
				CLANG_WARN_INT_CONVERSION = YES;
				CLANG_WARN_NON_LITERAL_NULL_CONVERSION = YES;
				CLANG_WARN_OBJC_IMPLICIT_RETAIN_SELF = YES;
				CLANG_WARN_OBJC_LITERAL_CONVERSION = YES;
				CLANG_WARN_OBJC_ROOT_CLASS = YES_ERROR;
				CLANG_WARN_RANGE_LOOP_ANALYSIS = YES;
				CLANG_WARN_STRICT_PROTOTYPES = YES;
				CLANG_WARN_SUSPICIOUS_MOVE = YES;
				CLANG_WARN_UNGUARDED_AVAILABILITY = YES_AGGRESSIVE;
				CLANG_WARN_UNREACHABLE_CODE = YES;
				CLANG_WARN__DUPLICATE_METHOD_MATCH = YES;
				COPY_PHASE_STRIP = NO;
				DEBUG_INFORMATION_FORMAT = dwarf;
				ENABLE_STRICT_OBJC_MSGSEND = YES;
				ENABLE_TESTABILITY = YES;
				GCC_C_LANGUAGE_STANDARD = gnu11;
				GCC_DYNAMIC_NO_PIC = NO;
				GCC_NO_COMMON_BLOCKS = YES;
				GCC_OPTIMIZATION_LEVEL = 0;
				GCC_PREPROCESSOR_DEFINITIONS = (
					"DEBUG=1",
					"$(inherited)",
				);
				GCC_WARN_64_TO_32_BIT_CONVERSION = YES;
				GCC_WARN_ABOUT_RETURN_TYPE = YES_ERROR;
				GCC_WARN_UNDECLARED_SELECTOR = YES;
				GCC_WARN_UNINITIALIZED_AUTOS = YES_AGGRESSIVE;
				GCC_WARN_UNUSED_FUNCTION = YES;
				GCC_WARN_UNUSED_VARIABLE = YES;
				IPHONEOS_DEPLOYMENT_TARGET = 13.2;
				MTL_ENABLE_DEBUG_INFO = INCLUDE_SOURCE;
				MTL_FAST_MATH = YES;
				ONLY_ACTIVE_ARCH = YES;
				SDKROOT = iphoneos;
				SWIFT_ACTIVE_COMPILATION_CONDITIONS = DEBUG;
				SWIFT_OBJC_BRIDGING_HEADER = "MetalPinch/Bridging-Header.h";
				SWIFT_OPTIMIZATION_LEVEL = "-Onone";
			};
			name = Debug;
		};
		E41ABEDA24194E76001B79D7 /* Release */ = {
			isa = XCBuildConfiguration;
			buildSettings = {
				ALWAYS_SEARCH_USER_PATHS = NO;
				CLANG_ANALYZER_NONNULL = YES;
				CLANG_ANALYZER_NUMBER_OBJECT_CONVERSION = YES_AGGRESSIVE;
				CLANG_CXX_LANGUAGE_STANDARD = "gnu++14";
				CLANG_CXX_LIBRARY = "libc++";
				CLANG_ENABLE_MODULES = YES;
				CLANG_ENABLE_OBJC_ARC = YES;
				CLANG_ENABLE_OBJC_WEAK = YES;
				CLANG_WARN_BLOCK_CAPTURE_AUTORELEASING = YES;
				CLANG_WARN_BOOL_CONVERSION = YES;
				CLANG_WARN_COMMA = YES;
				CLANG_WARN_CONSTANT_CONVERSION = YES;
				CLANG_WARN_DEPRECATED_OBJC_IMPLEMENTATIONS = YES;
				CLANG_WARN_DIRECT_OBJC_ISA_USAGE = YES_ERROR;
				CLANG_WARN_DOCUMENTATION_COMMENTS = YES;
				CLANG_WARN_EMPTY_BODY = YES;
				CLANG_WARN_ENUM_CONVERSION = YES;
				CLANG_WARN_INFINITE_RECURSION = YES;
				CLANG_WARN_INT_CONVERSION = YES;
				CLANG_WARN_NON_LITERAL_NULL_CONVERSION = YES;
				CLANG_WARN_OBJC_IMPLICIT_RETAIN_SELF = YES;
				CLANG_WARN_OBJC_LITERAL_CONVERSION = YES;
				CLANG_WARN_OBJC_ROOT_CLASS = YES_ERROR;
				CLANG_WARN_RANGE_LOOP_ANALYSIS = YES;
				CLANG_WARN_STRICT_PROTOTYPES = YES;
				CLANG_WARN_SUSPICIOUS_MOVE = YES;
				CLANG_WARN_UNGUARDED_AVAILABILITY = YES_AGGRESSIVE;
				CLANG_WARN_UNREACHABLE_CODE = YES;
				CLANG_WARN__DUPLICATE_METHOD_MATCH = YES;
				COPY_PHASE_STRIP = NO;
				DEBUG_INFORMATION_FORMAT = "dwarf-with-dsym";
				ENABLE_NS_ASSERTIONS = NO;
				ENABLE_STRICT_OBJC_MSGSEND = YES;
				GCC_C_LANGUAGE_STANDARD = gnu11;
				GCC_NO_COMMON_BLOCKS = YES;
				GCC_WARN_64_TO_32_BIT_CONVERSION = YES;
				GCC_WARN_ABOUT_RETURN_TYPE = YES_ERROR;
				GCC_WARN_UNDECLARED_SELECTOR = YES;
				GCC_WARN_UNINITIALIZED_AUTOS = YES_AGGRESSIVE;
				GCC_WARN_UNUSED_FUNCTION = YES;
				GCC_WARN_UNUSED_VARIABLE = YES;
				IPHONEOS_DEPLOYMENT_TARGET = 13.2;
				MTL_ENABLE_DEBUG_INFO = NO;
				MTL_FAST_MATH = YES;
				SDKROOT = iphoneos;
				SWIFT_COMPILATION_MODE = wholemodule;
				SWIFT_OBJC_BRIDGING_HEADER = "MetalPinch/Bridging-Header.h";
				SWIFT_OPTIMIZATION_LEVEL = "-O";
				VALIDATE_PRODUCT = YES;
			};
			name = Release;
		};
		E41ABEDC24194E76001B79D7 /* Debug */ = {
			isa = XCBuildConfiguration;
			buildSettings = {
				ASSETCATALOG_COMPILER_APPICON_NAME = AppIcon;
				CODE_SIGN_STYLE = Automatic;
				DEVELOPMENT_TEAM = WTYJ49N2X7;
				INFOPLIST_FILE = MetalPinch/Info.plist;
				LD_RUNPATH_SEARCH_PATHS = (
					"$(inherited)",
					"@executable_path/Frameworks",
				);
				PRODUCT_BUNDLE_IDENTIFIER = com.tylerwhitedesign.MetalPinch;
				PRODUCT_NAME = "$(TARGET_NAME)";
				SWIFT_VERSION = 5.0;
				TARGETED_DEVICE_FAMILY = "1,2";
			};
			name = Debug;
		};
		E41ABEDD24194E76001B79D7 /* Release */ = {
			isa = XCBuildConfiguration;
			buildSettings = {
				ASSETCATALOG_COMPILER_APPICON_NAME = AppIcon;
				CODE_SIGN_STYLE = Automatic;
				DEVELOPMENT_TEAM = WTYJ49N2X7;
				INFOPLIST_FILE = MetalPinch/Info.plist;
				LD_RUNPATH_SEARCH_PATHS = (
					"$(inherited)",
					"@executable_path/Frameworks",
				);
				PRODUCT_BUNDLE_IDENTIFIER = com.tylerwhitedesign.MetalPinch;
				PRODUCT_NAME = "$(TARGET_NAME)";
				SWIFT_VERSION = 5.0;
				TARGETED_DEVICE_FAMILY = "1,2";
			};
			name = Release;
		};
/* End XCBuildConfiguration section */

/* Begin XCConfigurationList section */
		E41ABEC224194E73001B79D7 /* Build configuration list for PBXProject "MetalPinch" */ = {
			isa = XCConfigurationList;
			buildConfigurations = (
				E41ABED924194E76001B79D7 /* Debug */,
				E41ABEDA24194E76001B79D7 /* Release */,
			);
			defaultConfigurationIsVisible = 0;
			defaultConfigurationName = Release;
		};
		E41ABEDB24194E76001B79D7 /* Build configuration list for PBXNativeTarget "MetalPinch" */ = {
			isa = XCConfigurationList;
			buildConfigurations = (
				E41ABEDC24194E76001B79D7 /* Debug */,
				E41ABEDD24194E76001B79D7 /* Release */,
			);
			defaultConfigurationIsVisible = 0;
			defaultConfigurationName = Release;
		};
/* End XCConfigurationList section */
	};
	rootObject = E41ABEBF24194E73001B79D7 /* Project object */;
}
